{
  "name": "@hackariens/sveltejs",
  "version": "1.0.0",
  "lockfileVersion": 2,
  "requires": true,
  "packages": {
    "": {
      "name": "@hackariens/sveltejs",
      "version": "1.0.0",
      "license": "MIT",
      "dependencies": {
        "create-svelte": "^7.0.0"
      }
    },
    "node_modules/create-svelte": {
      "version": "7.0.1",
      "resolved": "https://registry.npmjs.org/create-svelte/-/create-svelte-7.0.1.tgz",
      "integrity": "sha512-kO0CtIH8DJa7kig8o4nAsj0eXhO410zIfh45E6Q0QxkVCFkVdysSrH5x93BQXLn3MzJda5Y3X0TSxSVfX83JDA==",
      "deprecated": "create-svelte has been deprecated - please use https://www.npmjs.com/package/sv instead",
      "bin": {
        "create-svelte": "bin.js"
      }
    }
  },
  "dependencies": {
    "create-svelte": {
      "version": "7.0.1",
      "resolved": "https://registry.npmjs.org/create-svelte/-/create-svelte-7.0.1.tgz",
      "integrity": "sha512-kO0CtIH8DJa7kig8o4nAsj0eXhO410zIfh45E6Q0QxkVCFkVdysSrH5x93BQXLn3MzJda5Y3X0TSxSVfX83JDA=="
    }
  }
}
